{
  "name": "communal-validation",
  "version": "1.0.0",
  "lockfileVersion": 1,
  "requires": true,
  "dependencies": {
    "@openzeppelin/contracts": {
      "version": "3.0.0-rc.0",
      "resolved": "https://registry.npmjs.org/@openzeppelin/contracts/-/contracts-3.0.0-rc.0.tgz",
      "integrity": "sha512-Ts7h4/5tNiRN2iiH10Mp+6CgmK/PETDHYIJ/tpUrXgGjWR51T/Dr8kxa41GeHHhmAsuo+CkcuG9L4di6qth/Mw=="
    }
  }
}
